
Microsoft Visual Studio Solution File, Format Version 12.00
# Visual Studio 2015
Project("{FAE04EC0-301F-11D3-BF4B-00C04F79EFBC}") = "ProjetoSmaug.Plugins", "ProjetoSmaug.Plugins.csproj", "{6EF20FDA-A61F-C5A7-7B31-186AD9D5980B}"
EndProject
Project("{FAE04EC0-301F-11D3-BF4B-00C04F79EFBC}") = "ProjetoSmaug", "ProjetoSmaug.csproj", "{D42D9B17-9C87-E8A0-B472-C43A6C7E4924}"
EndProject
Project("{FAE04EC0-301F-11D3-BF4B-00C04F79EFBC}") = "ProjetoSmaug.Editor", "ProjetoSmaug.Editor.csproj", "{212B0D64-7761-98EE-48B7-E85716F86CB7}"
EndProject
Global
	GlobalSection(SolutionConfigurationPlatforms) = preSolution
		Debug|Any CPU = Debug|Any CPU
		Release|Any CPU = Release|Any CPU
	EndGlobalSection
	GlobalSection(ProjectConfigurationPlatforms) = postSolution
		{6EF20FDA-A61F-C5A7-7B31-186AD9D5980B}.Debug|Any CPU.ActiveCfg = Debug|Any CPU
		{6EF20FDA-A61F-C5A7-7B31-186AD9D5980B}.Debug|Any CPU.Build.0 = Debug|Any CPU
		{6EF20FDA-A61F-C5A7-7B31-186AD9D5980B}.Release|Any CPU.ActiveCfg = Release|Any CPU
		{6EF20FDA-A61F-C5A7-7B31-186AD9D5980B}.Release|Any CPU.Build.0 = Release|Any CPU
		{D42D9B17-9C87-E8A0-B472-C43A6C7E4924}.Debug|Any CPU.ActiveCfg = Debug|Any CPU
		{D42D9B17-9C87-E8A0-B472-C43A6C7E4924}.Debug|Any CPU.Build.0 = Debug|Any CPU
		{D42D9B17-9C87-E8A0-B472-C43A6C7E4924}.Release|Any CPU.ActiveCfg = Release|Any CPU
		{D42D9B17-9C87-E8A0-B472-C43A6C7E4924}.Release|Any CPU.Build.0 = Release|Any CPU
		{212B0D64-7761-98EE-48B7-E85716F86CB7}.Debug|Any CPU.ActiveCfg = Debug|Any CPU
		{212B0D64-7761-98EE-48B7-E85716F86CB7}.Debug|Any CPU.Build.0 = Debug|Any CPU
		{212B0D64-7761-98EE-48B7-E85716F86CB7}.Release|Any CPU.ActiveCfg = Release|Any CPU
		{212B0D64-7761-98EE-48B7-E85716F86CB7}.Release|Any CPU.Build.0 = Release|Any CPU
	EndGlobalSection
	GlobalSection(SolutionProperties) = preSolution
		HideSolutionNode = FALSE
	EndGlobalSection
EndGlobal
